
Microsoft Visual Studio Solution File, Format Version 12.00
# Visual Studio Version 16
VisualStudioVersion = 16.0.31229.75
MinimumVisualStudioVersion = 10.0.40219.1
Project("{8BC9CEB8-8B4A-11D0-8D11-00A0C91BC942}") = "Project2", "Project2.vcxproj", "{6A97B767-EAEC-4588-A396-5B5DA6FB43F6}"
EndProject
Project("{8BC9CEB8-8B4A-11D0-8D11-00A0C91BC942}") = "gtest", "gtest\gtest.vcxproj", "{FC09601D-0A84-4874-99A4-9F843773E91B}"
EndProject
Global
	GlobalSection(SolutionConfigurationPlatforms) = preSolution
		Debug|x64 = Debug|x64
		Debug|x86 = Debug|x86
		Release|x64 = Release|x64
		Release|x86 = Release|x86
	EndGlobalSection
	GlobalSection(ProjectConfigurationPlatforms) = postSolution
		{6A97B767-EAEC-4588-A396-5B5DA6FB43F6}.Debug|x64.ActiveCfg = Debug|x64
		{6A97B767-EAEC-4588-A396-5B5DA6FB43F6}.Debug|x64.Build.0 = Debug|x64
		{6A97B767-EAEC-4588-A396-5B5DA6FB43F6}.Debug|x86.ActiveCfg = Debug|Win32
		{6A97B767-EAEC-4588-A396-5B5DA6FB43F6}.Debug|x86.Build.0 = Debug|Win32
		{6A97B767-EAEC-4588-A396-5B5DA6FB43F6}.Release|x64.ActiveCfg = Release|x64
		{6A97B767-EAEC-4588-A396-5B5DA6FB43F6}.Release|x64.Build.0 = Release|x64
		{6A97B767-EAEC-4588-A396-5B5DA6FB43F6}.Release|x86.ActiveCfg = Release|Win32
		{6A97B767-EAEC-4588-A396-5B5DA6FB43F6}.Release|x86.Build.0 = Release|Win32
		{FC09601D-0A84-4874-99A4-9F843773E91B}.Debug|x64.ActiveCfg = Debug|x64
		{FC09601D-0A84-4874-99A4-9F843773E91B}.Debug|x64.Build.0 = Debug|x64
		{FC09601D-0A84-4874-99A4-9F843773E91B}.Debug|x86.ActiveCfg = Debug|Win32
		{FC09601D-0A84-4874-99A4-9F843773E91B}.Debug|x86.Build.0 = Debug|Win32
		{FC09601D-0A84-4874-99A4-9F843773E91B}.Release|x64.ActiveCfg = Release|x64
		{FC09601D-0A84-4874-99A4-9F843773E91B}.Release|x64.Build.0 = Release|x64
		{FC09601D-0A84-4874-99A4-9F843773E91B}.Release|x86.ActiveCfg = Release|Win32
		{FC09601D-0A84-4874-99A4-9F843773E91B}.Release|x86.Build.0 = Release|Win32
	EndGlobalSection
	GlobalSection(SolutionProperties) = preSolution
		HideSolutionNode = FALSE
	EndGlobalSection
	GlobalSection(ExtensibilityGlobals) = postSolution
		SolutionGuid = {806294DF-1A38-4368-B6C4-43B0C08C72CB}
	EndGlobalSection
EndGlobal
